// !$*UTF8*$!
{
	archiveVersion = 1;
	classes = {
	};
	objectVersion = 50;
	objects = {

/* Begin PBXBuildFile section */
		0453F4FA2192E49700339AAB /* AppDelegate.swift in Sources */ = {isa = PBXBuildFile; fileRef = 0453F4F92192E49700339AAB /* AppDelegate.swift */; };
		0453F4FF2192E49700339AAB /* Main.storyboard in Resources */ = {isa = PBXBuildFile; fileRef = 0453F4FD2192E49700339AAB /* Main.storyboard */; };
		0453F5022192E49700339AAB /* ShopApp.xcdatamodeld in Sources */ = {isa = PBXBuildFile; fileRef = 0453F5002192E49700339AAB /* ShopApp.xcdatamodeld */; };
		0453F5042192E49800339AAB /* Assets.xcassets in Resources */ = {isa = PBXBuildFile; fileRef = 0453F5032192E49800339AAB /* Assets.xcassets */; };
		0453F5072192E49800339AAB /* LaunchScreen.storyboard in Resources */ = {isa = PBXBuildFile; fileRef = 0453F5052192E49800339AAB /* LaunchScreen.storyboard */; };
		0453F50F2192E52700339AAB /* GoogleService-Info.plist in Resources */ = {isa = PBXBuildFile; fileRef = 0453F50E2192E52700339AAB /* GoogleService-Info.plist */; };
		0453F5112192F89E00339AAB /* Item.swift in Sources */ = {isa = PBXBuildFile; fileRef = 0453F5102192F89E00339AAB /* Item.swift */; };
		0453F513219324AB00339AAB /* ShopVC.swift in Sources */ = {isa = PBXBuildFile; fileRef = 0453F512219324AB00339AAB /* ShopVC.swift */; };
		0453F51721932EC900339AAB /* ItemCell.swift in Sources */ = {isa = PBXBuildFile; fileRef = 0453F51621932EC900339AAB /* ItemCell.swift */; };
		047636CF21DE0AD0001F1BD1 /* Constants.swift in Sources */ = {isa = PBXBuildFile; fileRef = 047636CE21DE0AD0001F1BD1 /* Constants.swift */; };
		047636D121DE1BC8001F1BD1 /* HeaderReusableView.swift in Sources */ = {isa = PBXBuildFile; fileRef = 047636D021DE1BC8001F1BD1 /* HeaderReusableView.swift */; };
		090ECC674F4B26E63C4D5183 /* Pods_ShopApp.framework in Frameworks */ = {isa = PBXBuildFile; fileRef = 89E6D4A969EA713C3C98F8FC /* Pods_ShopApp.framework */; };
/* End PBXBuildFile section */

/* Begin PBXFileReference section */
		0453F4F62192E49700339AAB /* ShopApp.app */ = {isa = PBXFileReference; explicitFileType = wrapper.application; includeInIndex = 0; path = ShopApp.app; sourceTree = BUILT_PRODUCTS_DIR; };
		0453F4F92192E49700339AAB /* AppDelegate.swift */ = {isa = PBXFileReference; lastKnownFileType = sourcecode.swift; path = AppDelegate.swift; sourceTree = "<group>"; };
		0453F4FE2192E49700339AAB /* Base */ = {isa = PBXFileReference; lastKnownFileType = file.storyboard; name = Base; path = Base.lproj/Main.storyboard; sourceTree = "<group>"; };
		0453F5012192E49700339AAB /* ShopApp.xcdatamodel */ = {isa = PBXFileReference; lastKnownFileType = wrapper.xcdatamodel; path = ShopApp.xcdatamodel; sourceTree = "<group>"; };
		0453F5032192E49800339AAB /* Assets.xcassets */ = {isa = PBXFileReference; lastKnownFileType = folder.assetcatalog; path = Assets.xcassets; sourceTree = "<group>"; };
		0453F5062192E49800339AAB /* Base */ = {isa = PBXFileReference; lastKnownFileType = file.storyboard; name = Base; path = Base.lproj/LaunchScreen.storyboard; sourceTree = "<group>"; };
		0453F5082192E49800339AAB /* Info.plist */ = {isa = PBXFileReference; lastKnownFileType = text.plist.xml; path = Info.plist; sourceTree = "<group>"; };
		0453F50E2192E52700339AAB /* GoogleService-Info.plist */ = {isa = PBXFileReference; fileEncoding = 4; lastKnownFileType = text.plist.xml; path = "GoogleService-Info.plist"; sourceTree = "<group>"; };
		0453F5102192F89E00339AAB /* Item.swift */ = {isa = PBXFileReference; lastKnownFileType = sourcecode.swift; path = Item.swift; sourceTree = "<group>"; };
		0453F512219324AB00339AAB /* ShopVC.swift */ = {isa = PBXFileReference; lastKnownFileType = sourcecode.swift; path = ShopVC.swift; sourceTree = "<group>"; };
		0453F51621932EC900339AAB /* ItemCell.swift */ = {isa = PBXFileReference; lastKnownFileType = sourcecode.swift; path = ItemCell.swift; sourceTree = "<group>"; };
		047636CE21DE0AD0001F1BD1 /* Constants.swift */ = {isa = PBXFileReference; lastKnownFileType = sourcecode.swift; path = Constants.swift; sourceTree = "<group>"; };
		047636D021DE1BC8001F1BD1 /* HeaderReusableView.swift */ = {isa = PBXFileReference; lastKnownFileType = sourcecode.swift; path = HeaderReusableView.swift; sourceTree = "<group>"; };
		88B3B4EA8DEBC27D0129BA7E /* Pods-ShopApp.debug.xcconfig */ = {isa = PBXFileReference; includeInIndex = 1; lastKnownFileType = text.xcconfig; name = "Pods-ShopApp.debug.xcconfig"; path = "Pods/Target Support Files/Pods-ShopApp/Pods-ShopApp.debug.xcconfig"; sourceTree = "<group>"; };
		89E6D4A969EA713C3C98F8FC /* Pods_ShopApp.framework */ = {isa = PBXFileReference; explicitFileType = wrapper.framework; includeInIndex = 0; path = Pods_ShopApp.framework; sourceTree = BUILT_PRODUCTS_DIR; };
		95EA75C5D01AB990DF3F75FC /* Pods-ShopApp.release.xcconfig */ = {isa = PBXFileReference; includeInIndex = 1; lastKnownFileType = text.xcconfig; name = "Pods-ShopApp.release.xcconfig"; path = "Pods/Target Support Files/Pods-ShopApp/Pods-ShopApp.release.xcconfig"; sourceTree = "<group>"; };
/* End PBXFileReference section */

/* Begin PBXFrameworksBuildPhase section */
		0453F4F32192E49700339AAB /* Frameworks */ = {
			isa = PBXFrameworksBuildPhase;
			buildActionMask = 2147483647;
			files = (
				090ECC674F4B26E63C4D5183 /* Pods_ShopApp.framework in Frameworks */,
			);
			runOnlyForDeploymentPostprocessing = 0;
		};
/* End PBXFrameworksBuildPhase section */

/* Begin PBXGroup section */
		0453F4ED2192E49700339AAB = {
			isa = PBXGroup;
			children = (
				0453F4F82192E49700339AAB /* ShopApp */,
				0453F4F72192E49700339AAB /* Products */,
				1663613E73D3486D4D0843E1 /* Pods */,
				2A17ECAFEE148CE88C544770 /* Frameworks */,
			);
			sourceTree = "<group>";
		};
		0453F4F72192E49700339AAB /* Products */ = {
			isa = PBXGroup;
			children = (
				0453F4F62192E49700339AAB /* ShopApp.app */,
			);
			name = Products;
			sourceTree = "<group>";
		};
		0453F4F82192E49700339AAB /* ShopApp */ = {
			isa = PBXGroup;
			children = (
				0453F5192195C81600339AAB /* Views */,
				0453F5182195C7E400339AAB /* Models */,
				0453F50E2192E52700339AAB /* GoogleService-Info.plist */,
				0453F4F92192E49700339AAB /* AppDelegate.swift */,
				0453F4FD2192E49700339AAB /* Main.storyboard */,
				0453F5032192E49800339AAB /* Assets.xcassets */,
				0453F5052192E49800339AAB /* LaunchScreen.storyboard */,
				0453F5082192E49800339AAB /* Info.plist */,
				0453F5002192E49700339AAB /* ShopApp.xcdatamodeld */,
				047636CE21DE0AD0001F1BD1 /* Constants.swift */,
				0453F512219324AB00339AAB /* ShopVC.swift */,
				0453F51621932EC900339AAB /* ItemCell.swift */,
			);
			path = ShopApp;
			sourceTree = "<group>";
		};
		0453F5182195C7E400339AAB /* Models */ = {
			isa = PBXGroup;
			children = (
				0453F5102192F89E00339AAB /* Item.swift */,
			);
			path = Models;
			sourceTree = "<group>";
		};
		0453F5192195C81600339AAB /* Views */ = {
			isa = PBXGroup;
			children = (
				047636D021DE1BC8001F1BD1 /* HeaderReusableView.swift */,
			);
			path = Views;
			sourceTree = "<group>";
		};
		1663613E73D3486D4D0843E1 /* Pods */ = {
			isa = PBXGroup;
			children = (
				88B3B4EA8DEBC27D0129BA7E /* Pods-ShopApp.debug.xcconfig */,
				95EA75C5D01AB990DF3F75FC /* Pods-ShopApp.release.xcconfig */,
			);
			name = Pods;
			sourceTree = "<group>";
		};
		2A17ECAFEE148CE88C544770 /* Frameworks */ = {
			isa = PBXGroup;
			children = (
				89E6D4A969EA713C3C98F8FC /* Pods_ShopApp.framework */,
			);
			name = Frameworks;
			sourceTree = "<group>";
		};
/* End PBXGroup section */

/* Begin PBXNativeTarget section */
		0453F4F52192E49700339AAB /* ShopApp */ = {
			isa = PBXNativeTarget;
			buildConfigurationList = 0453F50B2192E49800339AAB /* Build configuration list for PBXNativeTarget "ShopApp" */;
			buildPhases = (
				730EFD0695ADC3C57FEB3CB2 /* [CP] Check Pods Manifest.lock */,
				0453F4F22192E49700339AAB /* Sources */,
				0453F4F32192E49700339AAB /* Frameworks */,
				0453F4F42192E49700339AAB /* Resources */,
				547A6E2BC5EDDD6308122EC7 /* [CP] Embed Pods Frameworks */,
			);
			buildRules = (
			);
			dependencies = (
			);
			name = ShopApp;
			productName = ShopApp;
			productReference = 0453F4F62192E49700339AAB /* ShopApp.app */;
			productType = "com.apple.product-type.application";
		};
/* End PBXNativeTarget section */

/* Begin PBXProject section */
		0453F4EE2192E49700339AAB /* Project object */ = {
			isa = PBXProject;
			attributes = {
				LastSwiftUpdateCheck = 1010;
				LastUpgradeCheck = 1010;
				ORGANIZATIONNAME = YellowLeaf;
				TargetAttributes = {
					0453F4F52192E49700339AAB = {
						CreatedOnToolsVersion = 10.1;
					};
				};
			};
			buildConfigurationList = 0453F4F12192E49700339AAB /* Build configuration list for PBXProject "ShopApp" */;
			compatibilityVersion = "Xcode 9.3";
			developmentRegion = en;
			hasScannedForEncodings = 0;
			knownRegions = (
				en,
				Base,
			);
			mainGroup = 0453F4ED2192E49700339AAB;
			productRefGroup = 0453F4F72192E49700339AAB /* Products */;
			projectDirPath = "";
			projectRoot = "";
			targets = (
				0453F4F52192E49700339AAB /* ShopApp */,
			);
		};
/* End PBXProject section */

/* Begin PBXResourcesBuildPhase section */
		0453F4F42192E49700339AAB /* Resources */ = {
			isa = PBXResourcesBuildPhase;
			buildActionMask = 2147483647;
			files = (
				0453F5072192E49800339AAB /* LaunchScreen.storyboard in Resources */,
				0453F50F2192E52700339AAB /* GoogleService-Info.plist in Resources */,
				0453F5042192E49800339AAB /* Assets.xcassets in Resources */,
				0453F4FF2192E49700339AAB /* Main.storyboard in Resources */,
			);
			runOnlyForDeploymentPostprocessing = 0;
		};
/* End PBXResourcesBuildPhase section */

/* Begin PBXShellScriptBuildPhase section */
		547A6E2BC5EDDD6308122EC7 /* [CP] Embed Pods Frameworks */ = {
			isa = PBXShellScriptBuildPhase;
			buildActionMask = 2147483647;
			files = (
			);
			inputPaths = (
				"${SRCROOT}/Pods/Target Support Files/Pods-ShopApp/Pods-ShopApp-frameworks.sh",
				"${BUILT_PRODUCTS_DIR}/GoogleUtilities/GoogleUtilities.framework",
				"${BUILT_PRODUCTS_DIR}/SwiftyJSON/SwiftyJSON.framework",
				"${BUILT_PRODUCTS_DIR}/leveldb-library/leveldb.framework",
				"${BUILT_PRODUCTS_DIR}/nanopb/nanopb.framework",
			);
			name = "[CP] Embed Pods Frameworks";
			outputPaths = (
				"${TARGET_BUILD_DIR}/${FRAMEWORKS_FOLDER_PATH}/GoogleUtilities.framework",
				"${TARGET_BUILD_DIR}/${FRAMEWORKS_FOLDER_PATH}/SwiftyJSON.framework",
				"${TARGET_BUILD_DIR}/${FRAMEWORKS_FOLDER_PATH}/leveldb.framework",
				"${TARGET_BUILD_DIR}/${FRAMEWORKS_FOLDER_PATH}/nanopb.framework",
			);
			runOnlyForDeploymentPostprocessing = 0;
			shellPath = /bin/sh;
			shellScript = "\"${SRCROOT}/Pods/Target Support Files/Pods-ShopApp/Pods-ShopApp-frameworks.sh\"\n";
			showEnvVarsInLog = 0;
		};
		730EFD0695ADC3C57FEB3CB2 /* [CP] Check Pods Manifest.lock */ = {
			isa = PBXShellScriptBuildPhase;
			buildActionMask = 2147483647;
			files = (
			);
			inputPaths = (
				"${PODS_PODFILE_DIR_PATH}/Podfile.lock",
				"${PODS_ROOT}/Manifest.lock",
			);
			name = "[CP] Check Pods Manifest.lock";
			outputPaths = (
				"$(DERIVED_FILE_DIR)/Pods-ShopApp-checkManifestLockResult.txt",
			);
			runOnlyForDeploymentPostprocessing = 0;
			shellPath = /bin/sh;
			shellScript = "diff \"${PODS_PODFILE_DIR_PATH}/Podfile.lock\" \"${PODS_ROOT}/Manifest.lock\" > /dev/null\nif [ $? != 0 ] ; then\n    # print error to STDERR\n    echo \"error: The sandbox is not in sync with the Podfile.lock. Run 'pod install' or update your CocoaPods installation.\" >&2\n    exit 1\nfi\n# This output is used by Xcode 'outputs' to avoid re-running this script phase.\necho \"SUCCESS\" > \"${SCRIPT_OUTPUT_FILE_0}\"\n";
			showEnvVarsInLog = 0;
		};
/* End PBXShellScriptBuildPhase section */

/* Begin PBXSourcesBuildPhase section */
		0453F4F22192E49700339AAB /* Sources */ = {
			isa = PBXSourcesBuildPhase;
			buildActionMask = 2147483647;
			files = (
				0453F513219324AB00339AAB /* ShopVC.swift in Sources */,
				0453F5112192F89E00339AAB /* Item.swift in Sources */,
				047636D121DE1BC8001F1BD1 /* HeaderReusableView.swift in Sources */,
				0453F51721932EC900339AAB /* ItemCell.swift in Sources */,
				0453F5022192E49700339AAB /* ShopApp.xcdatamodeld in Sources */,
				0453F4FA2192E49700339AAB /* AppDelegate.swift in Sources */,
				047636CF21DE0AD0001F1BD1 /* Constants.swift in Sources */,
			);
			runOnlyForDeploymentPostprocessing = 0;
		};
/* End PBXSourcesBuildPhase section */

/* Begin PBXVariantGroup section */
		0453F4FD2192E49700339AAB /* Main.storyboard */ = {
			isa = PBXVariantGroup;
			children = (
				0453F4FE2192E49700339AAB /* Base */,
			);
			name = Main.storyboard;
			sourceTree = "<group>";
		};
		0453F5052192E49800339AAB /* LaunchScreen.storyboard */ = {
			isa = PBXVariantGroup;
			children = (
				0453F5062192E49800339AAB /* Base */,
			);
			name = LaunchScreen.storyboard;
			sourceTree = "<group>";
		};
/* End PBXVariantGroup section */

/* Begin XCBuildConfiguration section */
		0453F5092192E49800339AAB /* Debug */ = {
			isa = XCBuildConfiguration;
			buildSettings = {
				ALWAYS_SEARCH_USER_PATHS = NO;
				CLANG_ANALYZER_NONNULL = YES;
				CLANG_ANALYZER_NUMBER_OBJECT_CONVERSION = YES_AGGRESSIVE;
				CLANG_CXX_LANGUAGE_STANDARD = "gnu++14";
				CLANG_CXX_LIBRARY = "libc++";
				CLANG_ENABLE_MODULES = YES;
				CLANG_ENABLE_OBJC_ARC = YES;
				CLANG_ENABLE_OBJC_WEAK = YES;
				CLANG_WARN_BLOCK_CAPTURE_AUTORELEASING = YES;
				CLANG_WARN_BOOL_CONVERSION = YES;
				CLANG_WARN_COMMA = YES;
				CLANG_WARN_CONSTANT_CONVERSION = YES;
				CLANG_WARN_DEPRECATED_OBJC_IMPLEMENTATIONS = YES;
				CLANG_WARN_DIRECT_OBJC_ISA_USAGE = YES_ERROR;
				CLANG_WARN_DOCUMENTATION_COMMENTS = YES;
				CLANG_WARN_EMPTY_BODY = YES;
				CLANG_WARN_ENUM_CONVERSION = YES;
				CLANG_WARN_INFINITE_RECURSION = YES;
				CLANG_WARN_INT_CONVERSION = YES;
				CLANG_WARN_NON_LITERAL_NULL_CONVERSION = YES;
				CLANG_WARN_OBJC_IMPLICIT_RETAIN_SELF = YES;
				CLANG_WARN_OBJC_LITERAL_CONVERSION = YES;
				CLANG_WARN_OBJC_ROOT_CLASS = YES_ERROR;
				CLANG_WARN_RANGE_LOOP_ANALYSIS = YES;
				CLANG_WARN_STRICT_PROTOTYPES = YES;
				CLANG_WARN_SUSPICIOUS_MOVE = YES;
				CLANG_WARN_UNGUARDED_AVAILABILITY = YES_AGGRESSIVE;
				CLANG_WARN_UNREACHABLE_CODE = YES;
				CLANG_WARN__DUPLICATE_METHOD_MATCH = YES;
				CODE_SIGN_IDENTITY = "iPhone Developer";
				COPY_PHASE_STRIP = NO;
				DEBUG_INFORMATION_FORMAT = dwarf;
				ENABLE_STRICT_OBJC_MSGSEND = YES;
				ENABLE_TESTABILITY = YES;
				GCC_C_LANGUAGE_STANDARD = gnu11;
				GCC_DYNAMIC_NO_PIC = NO;
				GCC_NO_COMMON_BLOCKS = YES;
				GCC_OPTIMIZATION_LEVEL = 0;
				GCC_PREPROCESSOR_DEFINITIONS = (
					"DEBUG=1",
					"$(inherited)",
				);
				GCC_WARN_64_TO_32_BIT_CONVERSION = YES;
				GCC_WARN_ABOUT_RETURN_TYPE = YES_ERROR;
				GCC_WARN_UNDECLARED_SELECTOR = YES;
				GCC_WARN_UNINITIALIZED_AUTOS = YES_AGGRESSIVE;
				GCC_WARN_UNUSED_FUNCTION = YES;
				GCC_WARN_UNUSED_VARIABLE = YES;
				IPHONEOS_DEPLOYMENT_TARGET = 12.1;
				MTL_ENABLE_DEBUG_INFO = INCLUDE_SOURCE;
				MTL_FAST_MATH = YES;
				ONLY_ACTIVE_ARCH = YES;
				SDKROOT = iphoneos;
				SWIFT_ACTIVE_COMPILATION_CONDITIONS = DEBUG;
				SWIFT_OPTIMIZATION_LEVEL = "-Onone";
			};
			name = Debug;
		};
		0453F50A2192E49800339AAB /* Release */ = {
			isa = XCBuildConfiguration;
			buildSettings = {
				ALWAYS_SEARCH_USER_PATHS = NO;
				CLANG_ANALYZER_NONNULL = YES;
				CLANG_ANALYZER_NUMBER_OBJECT_CONVERSION = YES_AGGRESSIVE;
				CLANG_CXX_LANGUAGE_STANDARD = "gnu++14";
				CLANG_CXX_LIBRARY = "libc++";
				CLANG_ENABLE_MODULES = YES;
				CLANG_ENABLE_OBJC_ARC = YES;
				CLANG_ENABLE_OBJC_WEAK = YES;
				CLANG_WARN_BLOCK_CAPTURE_AUTORELEASING = YES;
				CLANG_WARN_BOOL_CONVERSION = YES;
				CLANG_WARN_COMMA = YES;
				CLANG_WARN_CONSTANT_CONVERSION = YES;
				CLANG_WARN_DEPRECATED_OBJC_IMPLEMENTATIONS = YES;
				CLANG_WARN_DIRECT_OBJC_ISA_USAGE = YES_ERROR;
				CLANG_WARN_DOCUMENTATION_COMMENTS = YES;
				CLANG_WARN_EMPTY_BODY = YES;
				CLANG_WARN_ENUM_CONVERSION = YES;
				CLANG_WARN_INFINITE_RECURSION = YES;
				CLANG_WARN_INT_CONVERSION = YES;
				CLANG_WARN_NON_LITERAL_NULL_CONVERSION = YES;
				CLANG_WARN_OBJC_IMPLICIT_RETAIN_SELF = YES;
				CLANG_WARN_OBJC_LITERAL_CONVERSION = YES;
				CLANG_WARN_OBJC_ROOT_CLASS = YES_ERROR;
				CLANG_WARN_RANGE_LOOP_ANALYSIS = YES;
				CLANG_WARN_STRICT_PROTOTYPES = YES;
				CLANG_WARN_SUSPICIOUS_MOVE = YES;
				CLANG_WARN_UNGUARDED_AVAILABILITY = YES_AGGRESSIVE;
				CLANG_WARN_UNREACHABLE_CODE = YES;
				CLANG_WARN__DUPLICATE_METHOD_MATCH = YES;
				CODE_SIGN_IDENTITY = "iPhone Developer";
				COPY_PHASE_STRIP = NO;
				DEBUG_INFORMATION_FORMAT = "dwarf-with-dsym";
				ENABLE_NS_ASSERTIONS = NO;
				ENABLE_STRICT_OBJC_MSGSEND = YES;
				GCC_C_LANGUAGE_STANDARD = gnu11;
				GCC_NO_COMMON_BLOCKS = YES;
				GCC_WARN_64_TO_32_BIT_CONVERSION = YES;
				GCC_WARN_ABOUT_RETURN_TYPE = YES_ERROR;
				GCC_WARN_UNDECLARED_SELECTOR = YES;
				GCC_WARN_UNINITIALIZED_AUTOS = YES_AGGRESSIVE;
				GCC_WARN_UNUSED_FUNCTION = YES;
				GCC_WARN_UNUSED_VARIABLE = YES;
				IPHONEOS_DEPLOYMENT_TARGET = 12.1;
				MTL_ENABLE_DEBUG_INFO = NO;
				MTL_FAST_MATH = YES;
				SDKROOT = iphoneos;
				SWIFT_COMPILATION_MODE = wholemodule;
				SWIFT_OPTIMIZATION_LEVEL = "-O";
				VALIDATE_PRODUCT = YES;
			};
			name = Release;
		};
		0453F50C2192E49800339AAB /* Debug */ = {
			isa = XCBuildConfiguration;
			baseConfigurationReference = 88B3B4EA8DEBC27D0129BA7E /* Pods-ShopApp.debug.xcconfig */;
			buildSettings = {
				ASSETCATALOG_COMPILER_APPICON_NAME = AppIcon;
				CODE_SIGN_STYLE = Automatic;
				DEVELOPMENT_TEAM = Q3B3DK2J6U;
				INFOPLIST_FILE = ShopApp/Info.plist;
				LD_RUNPATH_SEARCH_PATHS = (
					"$(inherited)",
					"@executable_path/Frameworks",
				);
				PRODUCT_BUNDLE_IDENTIFIER = yleaf.co.ShopApp;
				PRODUCT_NAME = "$(TARGET_NAME)";
				SWIFT_VERSION = 4.2;
				TARGETED_DEVICE_FAMILY = "1,2";
			};
			name = Debug;
		};
		0453F50D2192E49800339AAB /* Release */ = {
			isa = XCBuildConfiguration;
			baseConfigurationReference = 95EA75C5D01AB990DF3F75FC /* Pods-ShopApp.release.xcconfig */;
			buildSettings = {
				ASSETCATALOG_COMPILER_APPICON_NAME = AppIcon;
				CODE_SIGN_STYLE = Automatic;
				DEVELOPMENT_TEAM = Q3B3DK2J6U;
				INFOPLIST_FILE = ShopApp/Info.plist;
				LD_RUNPATH_SEARCH_PATHS = (
					"$(inherited)",
					"@executable_path/Frameworks",
				);
				PRODUCT_BUNDLE_IDENTIFIER = yleaf.co.ShopApp;
				PRODUCT_NAME = "$(TARGET_NAME)";
				SWIFT_VERSION = 4.2;
				TARGETED_DEVICE_FAMILY = "1,2";
			};
			name = Release;
		};
/* End XCBuildConfiguration section */

/* Begin XCConfigurationList section */
		0453F4F12192E49700339AAB /* Build configuration list for PBXProject "ShopApp" */ = {
			isa = XCConfigurationList;
			buildConfigurations = (
				0453F5092192E49800339AAB /* Debug */,
				0453F50A2192E49800339AAB /* Release */,
			);
			defaultConfigurationIsVisible = 0;
			defaultConfigurationName = Release;
		};
		0453F50B2192E49800339AAB /* Build configuration list for PBXNativeTarget "ShopApp" */ = {
			isa = XCConfigurationList;
			buildConfigurations = (
				0453F50C2192E49800339AAB /* Debug */,
				0453F50D2192E49800339AAB /* Release */,
			);
			defaultConfigurationIsVisible = 0;
			defaultConfigurationName = Release;
		};
/* End XCConfigurationList section */

/* Begin XCVersionGroup section */
		0453F5002192E49700339AAB /* ShopApp.xcdatamodeld */ = {
			isa = XCVersionGroup;
			children = (
				0453F5012192E49700339AAB /* ShopApp.xcdatamodel */,
			);
			currentVersion = 0453F5012192E49700339AAB /* ShopApp.xcdatamodel */;
			path = ShopApp.xcdatamodeld;
			sourceTree = "<group>";
			versionGroupType = wrapper.xcdatamodel;
		};
/* End XCVersionGroup section */
	};
	rootObject = 0453F4EE2192E49700339AAB /* Project object */;
}
